
Microsoft Visual Studio Solution File, Format Version 12.00
# Visual Studio Version 17
VisualStudioVersion = 17.0.31919.166
MinimumVisualStudioVersion = 10.0.40219.1
Project("{9A19103F-16F7-4668-BE54-9A1E7A4F7556}") = "MShortt.NET.Helpers", "MShortt.NET.Helpers\MShortt.NET.Helpers.csproj", "{683FBB25-7717-4660-B005-B1C01F25E3F0}"
EndProject
Project("{FAE04EC0-301F-11D3-BF4B-00C04F79EFBC}") = "MShortt.NET.Helpers.Tests", "MShortt.NET.Helpers.Tests\MShortt.NET.Helpers.Tests.csproj", "{782EABA3-E922-4A85-B73D-B0B7DA04F6BE}"
EndProject
Global
	GlobalSection(SolutionConfigurationPlatforms) = preSolution
		Debug|Any CPU = Debug|Any CPU
		Release|Any CPU = Release|Any CPU
	EndGlobalSection
	GlobalSection(ProjectConfigurationPlatforms) = postSolution
		{683FBB25-7717-4660-B005-B1C01F25E3F0}.Debug|Any CPU.ActiveCfg = Debug|Any CPU
		{683FBB25-7717-4660-B005-B1C01F25E3F0}.Debug|Any CPU.Build.0 = Debug|Any CPU
		{683FBB25-7717-4660-B005-B1C01F25E3F0}.Release|Any CPU.ActiveCfg = Release|Any CPU
		{683FBB25-7717-4660-B005-B1C01F25E3F0}.Release|Any CPU.Build.0 = Release|Any CPU
		{782EABA3-E922-4A85-B73D-B0B7DA04F6BE}.Debug|Any CPU.ActiveCfg = Debug|Any CPU
		{782EABA3-E922-4A85-B73D-B0B7DA04F6BE}.Debug|Any CPU.Build.0 = Debug|Any CPU
		{782EABA3-E922-4A85-B73D-B0B7DA04F6BE}.Release|Any CPU.ActiveCfg = Release|Any CPU
		{782EABA3-E922-4A85-B73D-B0B7DA04F6BE}.Release|Any CPU.Build.0 = Release|Any CPU
	EndGlobalSection
	GlobalSection(SolutionProperties) = preSolution
		HideSolutionNode = FALSE
	EndGlobalSection
	GlobalSection(ExtensibilityGlobals) = postSolution
		SolutionGuid = {7AE64CD2-1D7D-4528-8393-826A51281B29}
	EndGlobalSection
EndGlobal
